// !$*UTF8*$!
{
	archiveVersion = 1;
	classes = {
	};
	objectVersion = 50;
	objects = {

/* Begin PBXBuildFile section */
		54E264D82282E35C0069DCEC /* AppDelegate.swift in Sources */ = {isa = PBXBuildFile; fileRef = 54E264D72282E35C0069DCEC /* AppDelegate.swift */; };
		54E264DA2282E35C0069DCEC /* ViewController.swift in Sources */ = {isa = PBXBuildFile; fileRef = 54E264D92282E35C0069DCEC /* ViewController.swift */; };
		54E264DD2282E35C0069DCEC /* Main.storyboard in Resources */ = {isa = PBXBuildFile; fileRef = 54E264DB2282E35C0069DCEC /* Main.storyboard */; };
		54E264DF2282E35D0069DCEC /* Assets.xcassets in Resources */ = {isa = PBXBuildFile; fileRef = 54E264DE2282E35D0069DCEC /* Assets.xcassets */; };
		54E264E22282E35D0069DCEC /* LaunchScreen.storyboard in Resources */ = {isa = PBXBuildFile; fileRef = 54E264E02282E35D0069DCEC /* LaunchScreen.storyboard */; };
		54E264ED2282E35D0069DCEC /* tipCalcTests.swift in Sources */ = {isa = PBXBuildFile; fileRef = 54E264EC2282E35D0069DCEC /* tipCalcTests.swift */; };
		54E264F82282E35D0069DCEC /* tipCalcUITests.swift in Sources */ = {isa = PBXBuildFile; fileRef = 54E264F72282E35D0069DCEC /* tipCalcUITests.swift */; };
/* End PBXBuildFile section */

/* Begin PBXContainerItemProxy section */
		54E264E92282E35D0069DCEC /* PBXContainerItemProxy */ = {
			isa = PBXContainerItemProxy;
			containerPortal = 54E264CC2282E35C0069DCEC /* Project object */;
			proxyType = 1;
			remoteGlobalIDString = 54E264D32282E35C0069DCEC;
			remoteInfo = tipCalc;
		};
		54E264F42282E35D0069DCEC /* PBXContainerItemProxy */ = {
			isa = PBXContainerItemProxy;
			containerPortal = 54E264CC2282E35C0069DCEC /* Project object */;
			proxyType = 1;
			remoteGlobalIDString = 54E264D32282E35C0069DCEC;
			remoteInfo = tipCalc;
		};
/* End PBXContainerItemProxy section */

/* Begin PBXFileReference section */
		54E264D42282E35C0069DCEC /* tipCalc.app */ = {isa = PBXFileReference; explicitFileType = wrapper.application; includeInIndex = 0; path = tipCalc.app; sourceTree = BUILT_PRODUCTS_DIR; };
		54E264D72282E35C0069DCEC /* AppDelegate.swift */ = {isa = PBXFileReference; lastKnownFileType = sourcecode.swift; path = AppDelegate.swift; sourceTree = "<group>"; };
		54E264D92282E35C0069DCEC /* ViewController.swift */ = {isa = PBXFileReference; lastKnownFileType = sourcecode.swift; path = ViewController.swift; sourceTree = "<group>"; };
		54E264DC2282E35C0069DCEC /* Base */ = {isa = PBXFileReference; lastKnownFileType = file.storyboard; name = Base; path = Base.lproj/Main.storyboard; sourceTree = "<group>"; };
		54E264DE2282E35D0069DCEC /* Assets.xcassets */ = {isa = PBXFileReference; lastKnownFileType = folder.assetcatalog; path = Assets.xcassets; sourceTree = "<group>"; };
		54E264E12282E35D0069DCEC /* Base */ = {isa = PBXFileReference; lastKnownFileType = file.storyboard; name = Base; path = Base.lproj/LaunchScreen.storyboard; sourceTree = "<group>"; };
		54E264E32282E35D0069DCEC /* Info.plist */ = {isa = PBXFileReference; lastKnownFileType = text.plist.xml; path = Info.plist; sourceTree = "<group>"; };
		54E264E82282E35D0069DCEC /* tipCalcTests.xctest */ = {isa = PBXFileReference; explicitFileType = wrapper.cfbundle; includeInIndex = 0; path = tipCalcTests.xctest; sourceTree = BUILT_PRODUCTS_DIR; };
		54E264EC2282E35D0069DCEC /* tipCalcTests.swift */ = {isa = PBXFileReference; lastKnownFileType = sourcecode.swift; path = tipCalcTests.swift; sourceTree = "<group>"; };
		54E264EE2282E35D0069DCEC /* Info.plist */ = {isa = PBXFileReference; lastKnownFileType = text.plist.xml; path = Info.plist; sourceTree = "<group>"; };
		54E264F32282E35D0069DCEC /* tipCalcUITests.xctest */ = {isa = PBXFileReference; explicitFileType = wrapper.cfbundle; includeInIndex = 0; path = tipCalcUITests.xctest; sourceTree = BUILT_PRODUCTS_DIR; };
		54E264F72282E35D0069DCEC /* tipCalcUITests.swift */ = {isa = PBXFileReference; lastKnownFileType = sourcecode.swift; path = tipCalcUITests.swift; sourceTree = "<group>"; };
		54E264F92282E35D0069DCEC /* Info.plist */ = {isa = PBXFileReference; lastKnownFileType = text.plist.xml; path = Info.plist; sourceTree = "<group>"; };
/* End PBXFileReference section */

/* Begin PBXFrameworksBuildPhase section */
		54E264D12282E35C0069DCEC /* Frameworks */ = {
			isa = PBXFrameworksBuildPhase;
			buildActionMask = 2147483647;
			files = (
			);
			runOnlyForDeploymentPostprocessing = 0;
		};
		54E264E52282E35D0069DCEC /* Frameworks */ = {
			isa = PBXFrameworksBuildPhase;
			buildActionMask = 2147483647;
			files = (
			);
			runOnlyForDeploymentPostprocessing = 0;
		};
		54E264F02282E35D0069DCEC /* Frameworks */ = {
			isa = PBXFrameworksBuildPhase;
			buildActionMask = 2147483647;
			files = (
			);
			runOnlyForDeploymentPostprocessing = 0;
		};
/* End PBXFrameworksBuildPhase section */

/* Begin PBXGroup section */
		54E264CB2282E35C0069DCEC = {
			isa = PBXGroup;
			children = (
				54E264D62282E35C0069DCEC /* tipCalc */,
				54E264EB2282E35D0069DCEC /* tipCalcTests */,
				54E264F62282E35D0069DCEC /* tipCalcUITests */,
				54E264D52282E35C0069DCEC /* Products */,
			);
			sourceTree = "<group>";
		};
		54E264D52282E35C0069DCEC /* Products */ = {
			isa = PBXGroup;
			children = (
				54E264D42282E35C0069DCEC /* tipCalc.app */,
				54E264E82282E35D0069DCEC /* tipCalcTests.xctest */,
				54E264F32282E35D0069DCEC /* tipCalcUITests.xctest */,
			);
			name = Products;
			sourceTree = "<group>";
		};
		54E264D62282E35C0069DCEC /* tipCalc */ = {
			isa = PBXGroup;
			children = (
				54E264D72282E35C0069DCEC /* AppDelegate.swift */,
				54E264D92282E35C0069DCEC /* ViewController.swift */,
				54E264DB2282E35C0069DCEC /* Main.storyboard */,
				54E264DE2282E35D0069DCEC /* Assets.xcassets */,
				54E264E02282E35D0069DCEC /* LaunchScreen.storyboard */,
				54E264E32282E35D0069DCEC /* Info.plist */,
			);
			path = tipCalc;
			sourceTree = "<group>";
		};
		54E264EB2282E35D0069DCEC /* tipCalcTests */ = {
			isa = PBXGroup;
			children = (
				54E264EC2282E35D0069DCEC /* tipCalcTests.swift */,
				54E264EE2282E35D0069DCEC /* Info.plist */,
			);
			path = tipCalcTests;
			sourceTree = "<group>";
		};
		54E264F62282E35D0069DCEC /* tipCalcUITests */ = {
			isa = PBXGroup;
			children = (
				54E264F72282E35D0069DCEC /* tipCalcUITests.swift */,
				54E264F92282E35D0069DCEC /* Info.plist */,
			);
			path = tipCalcUITests;
			sourceTree = "<group>";
		};
/* End PBXGroup section */

/* Begin PBXNativeTarget section */
		54E264D32282E35C0069DCEC /* tipCalc */ = {
			isa = PBXNativeTarget;
			buildConfigurationList = 54E264FC2282E35D0069DCEC /* Build configuration list for PBXNativeTarget "tipCalc" */;
			buildPhases = (
				54E264D02282E35C0069DCEC /* Sources */,
				54E264D12282E35C0069DCEC /* Frameworks */,
				54E264D22282E35C0069DCEC /* Resources */,
			);
			buildRules = (
			);
			dependencies = (
			);
			name = tipCalc;
			productName = tipCalc;
			productReference = 54E264D42282E35C0069DCEC /* tipCalc.app */;
			productType = "com.apple.product-type.application";
		};
		54E264E72282E35D0069DCEC /* tipCalcTests */ = {
			isa = PBXNativeTarget;
			buildConfigurationList = 54E264FF2282E35D0069DCEC /* Build configuration list for PBXNativeTarget "tipCalcTests" */;
			buildPhases = (
				54E264E42282E35D0069DCEC /* Sources */,
				54E264E52282E35D0069DCEC /* Frameworks */,
				54E264E62282E35D0069DCEC /* Resources */,
			);
			buildRules = (
			);
			dependencies = (
				54E264EA2282E35D0069DCEC /* PBXTargetDependency */,
			);
			name = tipCalcTests;
			productName = tipCalcTests;
			productReference = 54E264E82282E35D0069DCEC /* tipCalcTests.xctest */;
			productType = "com.apple.product-type.bundle.unit-test";
		};
		54E264F22282E35D0069DCEC /* tipCalcUITests */ = {
			isa = PBXNativeTarget;
			buildConfigurationList = 54E265022282E35D0069DCEC /* Build configuration list for PBXNativeTarget "tipCalcUITests" */;
			buildPhases = (
				54E264EF2282E35D0069DCEC /* Sources */,
				54E264F02282E35D0069DCEC /* Frameworks */,
				54E264F12282E35D0069DCEC /* Resources */,
			);
			buildRules = (
			);
			dependencies = (
				54E264F52282E35D0069DCEC /* PBXTargetDependency */,
			);
			name = tipCalcUITests;
			productName = tipCalcUITests;
			productReference = 54E264F32282E35D0069DCEC /* tipCalcUITests.xctest */;
			productType = "com.apple.product-type.bundle.ui-testing";
		};
/* End PBXNativeTarget section */

/* Begin PBXProject section */
		54E264CC2282E35C0069DCEC /* Project object */ = {
			isa = PBXProject;
			attributes = {
				LastSwiftUpdateCheck = 1020;
				LastUpgradeCheck = 1020;
				ORGANIZATIONNAME = "Michal Madera";
				TargetAttributes = {
					54E264D32282E35C0069DCEC = {
						CreatedOnToolsVersion = 10.2.1;
					};
					54E264E72282E35D0069DCEC = {
						CreatedOnToolsVersion = 10.2.1;
						TestTargetID = 54E264D32282E35C0069DCEC;
					};
					54E264F22282E35D0069DCEC = {
						CreatedOnToolsVersion = 10.2.1;
						TestTargetID = 54E264D32282E35C0069DCEC;
					};
				};
			};
			buildConfigurationList = 54E264CF2282E35C0069DCEC /* Build configuration list for PBXProject "tipCalc" */;
			compatibilityVersion = "Xcode 9.3";
			developmentRegion = en;
			hasScannedForEncodings = 0;
			knownRegions = (
				en,
				Base,
			);
			mainGroup = 54E264CB2282E35C0069DCEC;
			productRefGroup = 54E264D52282E35C0069DCEC /* Products */;
			projectDirPath = "";
			projectRoot = "";
			targets = (
				54E264D32282E35C0069DCEC /* tipCalc */,
				54E264E72282E35D0069DCEC /* tipCalcTests */,
				54E264F22282E35D0069DCEC /* tipCalcUITests */,
			);
		};
/* End PBXProject section */

/* Begin PBXResourcesBuildPhase section */
		54E264D22282E35C0069DCEC /* Resources */ = {
			isa = PBXResourcesBuildPhase;
			buildActionMask = 2147483647;
			files = (
				54E264E22282E35D0069DCEC /* LaunchScreen.storyboard in Resources */,
				54E264DF2282E35D0069DCEC /* Assets.xcassets in Resources */,
				54E264DD2282E35C0069DCEC /* Main.storyboard in Resources */,
			);
			runOnlyForDeploymentPostprocessing = 0;
		};
		54E264E62282E35D0069DCEC /* Resources */ = {
			isa = PBXResourcesBuildPhase;
			buildActionMask = 2147483647;
			files = (
			);
			runOnlyForDeploymentPostprocessing = 0;
		};
		54E264F12282E35D0069DCEC /* Resources */ = {
			isa = PBXResourcesBuildPhase;
			buildActionMask = 2147483647;
			files = (
			);
			runOnlyForDeploymentPostprocessing = 0;
		};
/* End PBXResourcesBuildPhase section */

/* Begin PBXSourcesBuildPhase section */
		54E264D02282E35C0069DCEC /* Sources */ = {
			isa = PBXSourcesBuildPhase;
			buildActionMask = 2147483647;
			files = (
				54E264DA2282E35C0069DCEC /* ViewController.swift in Sources */,
				54E264D82282E35C0069DCEC /* AppDelegate.swift in Sources */,
			);
			runOnlyForDeploymentPostprocessing = 0;
		};
		54E264E42282E35D0069DCEC /* Sources */ = {
			isa = PBXSourcesBuildPhase;
			buildActionMask = 2147483647;
			files = (
				54E264ED2282E35D0069DCEC /* tipCalcTests.swift in Sources */,
			);
			runOnlyForDeploymentPostprocessing = 0;
		};
		54E264EF2282E35D0069DCEC /* Sources */ = {
			isa = PBXSourcesBuildPhase;
			buildActionMask = 2147483647;
			files = (
				54E264F82282E35D0069DCEC /* tipCalcUITests.swift in Sources */,
			);
			runOnlyForDeploymentPostprocessing = 0;
		};
/* End PBXSourcesBuildPhase section */

/* Begin PBXTargetDependency section */
		54E264EA2282E35D0069DCEC /* PBXTargetDependency */ = {
			isa = PBXTargetDependency;
			target = 54E264D32282E35C0069DCEC /* tipCalc */;
			targetProxy = 54E264E92282E35D0069DCEC /* PBXContainerItemProxy */;
		};
		54E264F52282E35D0069DCEC /* PBXTargetDependency */ = {
			isa = PBXTargetDependency;
			target = 54E264D32282E35C0069DCEC /* tipCalc */;
			targetProxy = 54E264F42282E35D0069DCEC /* PBXContainerItemProxy */;
		};
/* End PBXTargetDependency section */

/* Begin PBXVariantGroup section */
		54E264DB2282E35C0069DCEC /* Main.storyboard */ = {
			isa = PBXVariantGroup;
			children = (
				54E264DC2282E35C0069DCEC /* Base */,
			);
			name = Main.storyboard;
			sourceTree = "<group>";
		};
		54E264E02282E35D0069DCEC /* LaunchScreen.storyboard */ = {
			isa = PBXVariantGroup;
			children = (
				54E264E12282E35D0069DCEC /* Base */,
			);
			name = LaunchScreen.storyboard;
			sourceTree = "<group>";
		};
/* End PBXVariantGroup section */

/* Begin XCBuildConfiguration section */
		54E264FA2282E35D0069DCEC /* Debug */ = {
			isa = XCBuildConfiguration;
			buildSettings = {
				ALWAYS_SEARCH_USER_PATHS = NO;
				CLANG_ANALYZER_NONNULL = YES;
				CLANG_ANALYZER_NUMBER_OBJECT_CONVERSION = YES_AGGRESSIVE;
				CLANG_CXX_LANGUAGE_STANDARD = "gnu++14";
				CLANG_CXX_LIBRARY = "libc++";
				CLANG_ENABLE_MODULES = YES;
				CLANG_ENABLE_OBJC_ARC = YES;
				CLANG_ENABLE_OBJC_WEAK = YES;
				CLANG_WARN_BLOCK_CAPTURE_AUTORELEASING = YES;
				CLANG_WARN_BOOL_CONVERSION = YES;
				CLANG_WARN_COMMA = YES;
				CLANG_WARN_CONSTANT_CONVERSION = YES;
				CLANG_WARN_DEPRECATED_OBJC_IMPLEMENTATIONS = YES;
				CLANG_WARN_DIRECT_OBJC_ISA_USAGE = YES_ERROR;
				CLANG_WARN_DOCUMENTATION_COMMENTS = YES;
				CLANG_WARN_EMPTY_BODY = YES;
				CLANG_WARN_ENUM_CONVERSION = YES;
				CLANG_WARN_INFINITE_RECURSION = YES;
				CLANG_WARN_INT_CONVERSION = YES;
				CLANG_WARN_NON_LITERAL_NULL_CONVERSION = YES;
				CLANG_WARN_OBJC_IMPLICIT_RETAIN_SELF = YES;
				CLANG_WARN_OBJC_LITERAL_CONVERSION = YES;
				CLANG_WARN_OBJC_ROOT_CLASS = YES_ERROR;
				CLANG_WARN_RANGE_LOOP_ANALYSIS = YES;
				CLANG_WARN_STRICT_PROTOTYPES = YES;
				CLANG_WARN_SUSPICIOUS_MOVE = YES;
				CLANG_WARN_UNGUARDED_AVAILABILITY = YES_AGGRESSIVE;
				CLANG_WARN_UNREACHABLE_CODE = YES;
				CLANG_WARN__DUPLICATE_METHOD_MATCH = YES;
				CODE_SIGN_IDENTITY = "iPhone Developer";
				COPY_PHASE_STRIP = NO;
				DEBUG_INFORMATION_FORMAT = dwarf;
				ENABLE_STRICT_OBJC_MSGSEND = YES;
				ENABLE_TESTABILITY = YES;
				GCC_C_LANGUAGE_STANDARD = gnu11;
				GCC_DYNAMIC_NO_PIC = NO;
				GCC_NO_COMMON_BLOCKS = YES;
				GCC_OPTIMIZATION_LEVEL = 0;
				GCC_PREPROCESSOR_DEFINITIONS = (
					"DEBUG=1",
					"$(inherited)",
				);
				GCC_WARN_64_TO_32_BIT_CONVERSION = YES;
				GCC_WARN_ABOUT_RETURN_TYPE = YES_ERROR;
				GCC_WARN_UNDECLARED_SELECTOR = YES;
				GCC_WARN_UNINITIALIZED_AUTOS = YES_AGGRESSIVE;
				GCC_WARN_UNUSED_FUNCTION = YES;
				GCC_WARN_UNUSED_VARIABLE = YES;
				IPHONEOS_DEPLOYMENT_TARGET = 12.2;
				MTL_ENABLE_DEBUG_INFO = INCLUDE_SOURCE;
				MTL_FAST_MATH = YES;
				ONLY_ACTIVE_ARCH = YES;
				SDKROOT = iphoneos;
				SWIFT_ACTIVE_COMPILATION_CONDITIONS = DEBUG;
				SWIFT_OPTIMIZATION_LEVEL = "-Onone";
			};
			name = Debug;
		};
		54E264FB2282E35D0069DCEC /* Release */ = {
			isa = XCBuildConfiguration;
			buildSettings = {
				ALWAYS_SEARCH_USER_PATHS = NO;
				CLANG_ANALYZER_NONNULL = YES;
				CLANG_ANALYZER_NUMBER_OBJECT_CONVERSION = YES_AGGRESSIVE;
				CLANG_CXX_LANGUAGE_STANDARD = "gnu++14";
				CLANG_CXX_LIBRARY = "libc++";
				CLANG_ENABLE_MODULES = YES;
				CLANG_ENABLE_OBJC_ARC = YES;
				CLANG_ENABLE_OBJC_WEAK = YES;
				CLANG_WARN_BLOCK_CAPTURE_AUTORELEASING = YES;
				CLANG_WARN_BOOL_CONVERSION = YES;
				CLANG_WARN_COMMA = YES;
				CLANG_WARN_CONSTANT_CONVERSION = YES;
				CLANG_WARN_DEPRECATED_OBJC_IMPLEMENTATIONS = YES;
				CLANG_WARN_DIRECT_OBJC_ISA_USAGE = YES_ERROR;
				CLANG_WARN_DOCUMENTATION_COMMENTS = YES;
				CLANG_WARN_EMPTY_BODY = YES;
				CLANG_WARN_ENUM_CONVERSION = YES;
				CLANG_WARN_INFINITE_RECURSION = YES;
				CLANG_WARN_INT_CONVERSION = YES;
				CLANG_WARN_NON_LITERAL_NULL_CONVERSION = YES;
				CLANG_WARN_OBJC_IMPLICIT_RETAIN_SELF = YES;
				CLANG_WARN_OBJC_LITERAL_CONVERSION = YES;
				CLANG_WARN_OBJC_ROOT_CLASS = YES_ERROR;
				CLANG_WARN_RANGE_LOOP_ANALYSIS = YES;
				CLANG_WARN_STRICT_PROTOTYPES = YES;
				CLANG_WARN_SUSPICIOUS_MOVE = YES;
				CLANG_WARN_UNGUARDED_AVAILABILITY = YES_AGGRESSIVE;
				CLANG_WARN_UNREACHABLE_CODE = YES;
				CLANG_WARN__DUPLICATE_METHOD_MATCH = YES;
				CODE_SIGN_IDENTITY = "iPhone Developer";
				COPY_PHASE_STRIP = NO;
				DEBUG_INFORMATION_FORMAT = "dwarf-with-dsym";
				ENABLE_NS_ASSERTIONS = NO;
				ENABLE_STRICT_OBJC_MSGSEND = YES;
				GCC_C_LANGUAGE_STANDARD = gnu11;
				GCC_NO_COMMON_BLOCKS = YES;
				GCC_WARN_64_TO_32_BIT_CONVERSION = YES;
				GCC_WARN_ABOUT_RETURN_TYPE = YES_ERROR;
				GCC_WARN_UNDECLARED_SELECTOR = YES;
				GCC_WARN_UNINITIALIZED_AUTOS = YES_AGGRESSIVE;
				GCC_WARN_UNUSED_FUNCTION = YES;
				GCC_WARN_UNUSED_VARIABLE = YES;
				IPHONEOS_DEPLOYMENT_TARGET = 12.2;
				MTL_ENABLE_DEBUG_INFO = NO;
				MTL_FAST_MATH = YES;
				SDKROOT = iphoneos;
				SWIFT_COMPILATION_MODE = wholemodule;
				SWIFT_OPTIMIZATION_LEVEL = "-O";
				VALIDATE_PRODUCT = YES;
			};
			name = Release;
		};
		54E264FD2282E35D0069DCEC /* Debug */ = {
			isa = XCBuildConfiguration;
			buildSettings = {
				ASSETCATALOG_COMPILER_APPICON_NAME = AppIcon;
				CODE_SIGN_STYLE = Automatic;
				INFOPLIST_FILE = tipCalc/Info.plist;
				LD_RUNPATH_SEARCH_PATHS = (
					"$(inherited)",
					"@executable_path/Frameworks",
				);
				PRODUCT_BUNDLE_IDENTIFIER = maderamichal.tipCalc;
				PRODUCT_NAME = "$(TARGET_NAME)";
				SWIFT_VERSION = 5.0;
				TARGETED_DEVICE_FAMILY = "1,2";
			};
			name = Debug;
		};
		54E264FE2282E35D0069DCEC /* Release */ = {
			isa = XCBuildConfiguration;
			buildSettings = {
				ASSETCATALOG_COMPILER_APPICON_NAME = AppIcon;
				CODE_SIGN_STYLE = Automatic;
				INFOPLIST_FILE = tipCalc/Info.plist;
				LD_RUNPATH_SEARCH_PATHS = (
					"$(inherited)",
					"@executable_path/Frameworks",
				);
				PRODUCT_BUNDLE_IDENTIFIER = maderamichal.tipCalc;
				PRODUCT_NAME = "$(TARGET_NAME)";
				SWIFT_VERSION = 5.0;
				TARGETED_DEVICE_FAMILY = "1,2";
			};
			name = Release;
		};
		54E265002282E35D0069DCEC /* Debug */ = {
			isa = XCBuildConfiguration;
			buildSettings = {
				ALWAYS_EMBED_SWIFT_STANDARD_LIBRARIES = YES;
				BUNDLE_LOADER = "$(TEST_HOST)";
				CODE_SIGN_STYLE = Automatic;
				INFOPLIST_FILE = tipCalcTests/Info.plist;
				LD_RUNPATH_SEARCH_PATHS = (
					"$(inherited)",
					"@executable_path/Frameworks",
					"@loader_path/Frameworks",
				);
				PRODUCT_BUNDLE_IDENTIFIER = maderamichal.tipCalcTests;
				PRODUCT_NAME = "$(TARGET_NAME)";
				SWIFT_VERSION = 5.0;
				TARGETED_DEVICE_FAMILY = "1,2";
				TEST_HOST = "$(BUILT_PRODUCTS_DIR)/tipCalc.app/tipCalc";
			};
			name = Debug;
		};
		54E265012282E35D0069DCEC /* Release */ = {
			isa = XCBuildConfiguration;
			buildSettings = {
				ALWAYS_EMBED_SWIFT_STANDARD_LIBRARIES = YES;
				BUNDLE_LOADER = "$(TEST_HOST)";
				CODE_SIGN_STYLE = Automatic;
				INFOPLIST_FILE = tipCalcTests/Info.plist;
				LD_RUNPATH_SEARCH_PATHS = (
					"$(inherited)",
					"@executable_path/Frameworks",
					"@loader_path/Frameworks",
				);
				PRODUCT_BUNDLE_IDENTIFIER = maderamichal.tipCalcTests;
				PRODUCT_NAME = "$(TARGET_NAME)";
				SWIFT_VERSION = 5.0;
				TARGETED_DEVICE_FAMILY = "1,2";
				TEST_HOST = "$(BUILT_PRODUCTS_DIR)/tipCalc.app/tipCalc";
			};
			name = Release;
		};
		54E265032282E35D0069DCEC /* Debug */ = {
			isa = XCBuildConfiguration;
			buildSettings = {
				ALWAYS_EMBED_SWIFT_STANDARD_LIBRARIES = YES;
				CODE_SIGN_STYLE = Automatic;
				INFOPLIST_FILE = tipCalcUITests/Info.plist;
				LD_RUNPATH_SEARCH_PATHS = (
					"$(inherited)",
					"@executable_path/Frameworks",
					"@loader_path/Frameworks",
				);
				PRODUCT_BUNDLE_IDENTIFIER = maderamichal.tipCalcUITests;
				PRODUCT_NAME = "$(TARGET_NAME)";
				SWIFT_VERSION = 5.0;
				TARGETED_DEVICE_FAMILY = "1,2";
				TEST_TARGET_NAME = tipCalc;
			};
			name = Debug;
		};
		54E265042282E35D0069DCEC /* Release */ = {
			isa = XCBuildConfiguration;
			buildSettings = {
				ALWAYS_EMBED_SWIFT_STANDARD_LIBRARIES = YES;
				CODE_SIGN_STYLE = Automatic;
				INFOPLIST_FILE = tipCalcUITests/Info.plist;
				LD_RUNPATH_SEARCH_PATHS = (
					"$(inherited)",
					"@executable_path/Frameworks",
					"@loader_path/Frameworks",
				);
				PRODUCT_BUNDLE_IDENTIFIER = maderamichal.tipCalcUITests;
				PRODUCT_NAME = "$(TARGET_NAME)";
				SWIFT_VERSION = 5.0;
				TARGETED_DEVICE_FAMILY = "1,2";
				TEST_TARGET_NAME = tipCalc;
			};
			name = Release;
		};
/* End XCBuildConfiguration section */

/* Begin XCConfigurationList section */
		54E264CF2282E35C0069DCEC /* Build configuration list for PBXProject "tipCalc" */ = {
			isa = XCConfigurationList;
			buildConfigurations = (
				54E264FA2282E35D0069DCEC /* Debug */,
				54E264FB2282E35D0069DCEC /* Release */,
			);
			defaultConfigurationIsVisible = 0;
			defaultConfigurationName = Release;
		};
		54E264FC2282E35D0069DCEC /* Build configuration list for PBXNativeTarget "tipCalc" */ = {
			isa = XCConfigurationList;
			buildConfigurations = (
				54E264FD2282E35D0069DCEC /* Debug */,
				54E264FE2282E35D0069DCEC /* Release */,
			);
			defaultConfigurationIsVisible = 0;
			defaultConfigurationName = Release;
		};
		54E264FF2282E35D0069DCEC /* Build configuration list for PBXNativeTarget "tipCalcTests" */ = {
			isa = XCConfigurationList;
			buildConfigurations = (
				54E265002282E35D0069DCEC /* Debug */,
				54E265012282E35D0069DCEC /* Release */,
			);
			defaultConfigurationIsVisible = 0;
			defaultConfigurationName = Release;
		};
		54E265022282E35D0069DCEC /* Build configuration list for PBXNativeTarget "tipCalcUITests" */ = {
			isa = XCConfigurationList;
			buildConfigurations = (
				54E265032282E35D0069DCEC /* Debug */,
				54E265042282E35D0069DCEC /* Release */,
			);
			defaultConfigurationIsVisible = 0;
			defaultConfigurationName = Release;
		};
/* End XCConfigurationList section */
	};
	rootObject = 54E264CC2282E35C0069DCEC /* Project object */;
}
