// !$*UTF8*$!
{
	archiveVersion = 1;
	classes = {
	};
	objectVersion = 50;
	objects = {

/* Begin PBXBuildFile section */
		5440E76622955444004E1E1A /* AppDelegate.swift in Sources */ = {isa = PBXBuildFile; fileRef = 5440E76522955444004E1E1A /* AppDelegate.swift */; };
		5440E76B22955444004E1E1A /* Main.storyboard in Resources */ = {isa = PBXBuildFile; fileRef = 5440E76922955444004E1E1A /* Main.storyboard */; };
		5440E76D22955445004E1E1A /* Assets.xcassets in Resources */ = {isa = PBXBuildFile; fileRef = 5440E76C22955445004E1E1A /* Assets.xcassets */; };
		5440E77022955445004E1E1A /* LaunchScreen.storyboard in Resources */ = {isa = PBXBuildFile; fileRef = 5440E76E22955445004E1E1A /* LaunchScreen.storyboard */; };
		5440E77B22955445004E1E1A /* MenuTests.swift in Sources */ = {isa = PBXBuildFile; fileRef = 5440E77A22955445004E1E1A /* MenuTests.swift */; };
		5440E78622955445004E1E1A /* MenuUITests.swift in Sources */ = {isa = PBXBuildFile; fileRef = 5440E78522955445004E1E1A /* MenuUITests.swift */; };
		5440E79422955467004E1E1A /* MenuItems.swift in Sources */ = {isa = PBXBuildFile; fileRef = 5440E79322955467004E1E1A /* MenuItems.swift */; };
		5440E796229554F9004E1E1A /* TableViewController.swift in Sources */ = {isa = PBXBuildFile; fileRef = 5440E795229554F9004E1E1A /* TableViewController.swift */; };
/* End PBXBuildFile section */

/* Begin PBXContainerItemProxy section */
		5440E77722955445004E1E1A /* PBXContainerItemProxy */ = {
			isa = PBXContainerItemProxy;
			containerPortal = 5440E75A22955444004E1E1A /* Project object */;
			proxyType = 1;
			remoteGlobalIDString = 5440E76122955444004E1E1A;
			remoteInfo = Menu;
		};
		5440E78222955445004E1E1A /* PBXContainerItemProxy */ = {
			isa = PBXContainerItemProxy;
			containerPortal = 5440E75A22955444004E1E1A /* Project object */;
			proxyType = 1;
			remoteGlobalIDString = 5440E76122955444004E1E1A;
			remoteInfo = Menu;
		};
/* End PBXContainerItemProxy section */

/* Begin PBXFileReference section */
		5440E76222955444004E1E1A /* Menu.app */ = {isa = PBXFileReference; explicitFileType = wrapper.application; includeInIndex = 0; path = Menu.app; sourceTree = BUILT_PRODUCTS_DIR; };
		5440E76522955444004E1E1A /* AppDelegate.swift */ = {isa = PBXFileReference; lastKnownFileType = sourcecode.swift; path = AppDelegate.swift; sourceTree = "<group>"; };
		5440E76A22955444004E1E1A /* Base */ = {isa = PBXFileReference; lastKnownFileType = file.storyboard; name = Base; path = Base.lproj/Main.storyboard; sourceTree = "<group>"; };
		5440E76C22955445004E1E1A /* Assets.xcassets */ = {isa = PBXFileReference; lastKnownFileType = folder.assetcatalog; path = Assets.xcassets; sourceTree = "<group>"; };
		5440E76F22955445004E1E1A /* Base */ = {isa = PBXFileReference; lastKnownFileType = file.storyboard; name = Base; path = Base.lproj/LaunchScreen.storyboard; sourceTree = "<group>"; };
		5440E77122955445004E1E1A /* Info.plist */ = {isa = PBXFileReference; lastKnownFileType = text.plist.xml; path = Info.plist; sourceTree = "<group>"; };
		5440E77622955445004E1E1A /* MenuTests.xctest */ = {isa = PBXFileReference; explicitFileType = wrapper.cfbundle; includeInIndex = 0; path = MenuTests.xctest; sourceTree = BUILT_PRODUCTS_DIR; };
		5440E77A22955445004E1E1A /* MenuTests.swift */ = {isa = PBXFileReference; lastKnownFileType = sourcecode.swift; path = MenuTests.swift; sourceTree = "<group>"; };
		5440E77C22955445004E1E1A /* Info.plist */ = {isa = PBXFileReference; lastKnownFileType = text.plist.xml; path = Info.plist; sourceTree = "<group>"; };
		5440E78122955445004E1E1A /* MenuUITests.xctest */ = {isa = PBXFileReference; explicitFileType = wrapper.cfbundle; includeInIndex = 0; path = MenuUITests.xctest; sourceTree = BUILT_PRODUCTS_DIR; };
		5440E78522955445004E1E1A /* MenuUITests.swift */ = {isa = PBXFileReference; lastKnownFileType = sourcecode.swift; path = MenuUITests.swift; sourceTree = "<group>"; };
		5440E78722955445004E1E1A /* Info.plist */ = {isa = PBXFileReference; lastKnownFileType = text.plist.xml; path = Info.plist; sourceTree = "<group>"; };
		5440E79322955467004E1E1A /* MenuItems.swift */ = {isa = PBXFileReference; lastKnownFileType = sourcecode.swift; path = MenuItems.swift; sourceTree = "<group>"; };
		5440E795229554F9004E1E1A /* TableViewController.swift */ = {isa = PBXFileReference; lastKnownFileType = sourcecode.swift; path = TableViewController.swift; sourceTree = "<group>"; };
/* End PBXFileReference section */

/* Begin PBXFrameworksBuildPhase section */
		5440E75F22955444004E1E1A /* Frameworks */ = {
			isa = PBXFrameworksBuildPhase;
			buildActionMask = 2147483647;
			files = (
			);
			runOnlyForDeploymentPostprocessing = 0;
		};
		5440E77322955445004E1E1A /* Frameworks */ = {
			isa = PBXFrameworksBuildPhase;
			buildActionMask = 2147483647;
			files = (
			);
			runOnlyForDeploymentPostprocessing = 0;
		};
		5440E77E22955445004E1E1A /* Frameworks */ = {
			isa = PBXFrameworksBuildPhase;
			buildActionMask = 2147483647;
			files = (
			);
			runOnlyForDeploymentPostprocessing = 0;
		};
/* End PBXFrameworksBuildPhase section */

/* Begin PBXGroup section */
		5440E75922955444004E1E1A = {
			isa = PBXGroup;
			children = (
				5440E76422955444004E1E1A /* Menu */,
				5440E77922955445004E1E1A /* MenuTests */,
				5440E78422955445004E1E1A /* MenuUITests */,
				5440E76322955444004E1E1A /* Products */,
			);
			sourceTree = "<group>";
		};
		5440E76322955444004E1E1A /* Products */ = {
			isa = PBXGroup;
			children = (
				5440E76222955444004E1E1A /* Menu.app */,
				5440E77622955445004E1E1A /* MenuTests.xctest */,
				5440E78122955445004E1E1A /* MenuUITests.xctest */,
			);
			name = Products;
			sourceTree = "<group>";
		};
		5440E76422955444004E1E1A /* Menu */ = {
			isa = PBXGroup;
			children = (
				5440E76522955444004E1E1A /* AppDelegate.swift */,
				5440E79322955467004E1E1A /* MenuItems.swift */,
				5440E76922955444004E1E1A /* Main.storyboard */,
				5440E795229554F9004E1E1A /* TableViewController.swift */,
				5440E76C22955445004E1E1A /* Assets.xcassets */,
				5440E76E22955445004E1E1A /* LaunchScreen.storyboard */,
				5440E77122955445004E1E1A /* Info.plist */,
			);
			path = Menu;
			sourceTree = "<group>";
		};
		5440E77922955445004E1E1A /* MenuTests */ = {
			isa = PBXGroup;
			children = (
				5440E77A22955445004E1E1A /* MenuTests.swift */,
				5440E77C22955445004E1E1A /* Info.plist */,
			);
			path = MenuTests;
			sourceTree = "<group>";
		};
		5440E78422955445004E1E1A /* MenuUITests */ = {
			isa = PBXGroup;
			children = (
				5440E78522955445004E1E1A /* MenuUITests.swift */,
				5440E78722955445004E1E1A /* Info.plist */,
			);
			path = MenuUITests;
			sourceTree = "<group>";
		};
/* End PBXGroup section */

/* Begin PBXNativeTarget section */
		5440E76122955444004E1E1A /* Menu */ = {
			isa = PBXNativeTarget;
			buildConfigurationList = 5440E78A22955445004E1E1A /* Build configuration list for PBXNativeTarget "Menu" */;
			buildPhases = (
				5440E75E22955444004E1E1A /* Sources */,
				5440E75F22955444004E1E1A /* Frameworks */,
				5440E76022955444004E1E1A /* Resources */,
			);
			buildRules = (
			);
			dependencies = (
			);
			name = Menu;
			productName = Menu;
			productReference = 5440E76222955444004E1E1A /* Menu.app */;
			productType = "com.apple.product-type.application";
		};
		5440E77522955445004E1E1A /* MenuTests */ = {
			isa = PBXNativeTarget;
			buildConfigurationList = 5440E78D22955445004E1E1A /* Build configuration list for PBXNativeTarget "MenuTests" */;
			buildPhases = (
				5440E77222955445004E1E1A /* Sources */,
				5440E77322955445004E1E1A /* Frameworks */,
				5440E77422955445004E1E1A /* Resources */,
			);
			buildRules = (
			);
			dependencies = (
				5440E77822955445004E1E1A /* PBXTargetDependency */,
			);
			name = MenuTests;
			productName = MenuTests;
			productReference = 5440E77622955445004E1E1A /* MenuTests.xctest */;
			productType = "com.apple.product-type.bundle.unit-test";
		};
		5440E78022955445004E1E1A /* MenuUITests */ = {
			isa = PBXNativeTarget;
			buildConfigurationList = 5440E79022955445004E1E1A /* Build configuration list for PBXNativeTarget "MenuUITests" */;
			buildPhases = (
				5440E77D22955445004E1E1A /* Sources */,
				5440E77E22955445004E1E1A /* Frameworks */,
				5440E77F22955445004E1E1A /* Resources */,
			);
			buildRules = (
			);
			dependencies = (
				5440E78322955445004E1E1A /* PBXTargetDependency */,
			);
			name = MenuUITests;
			productName = MenuUITests;
			productReference = 5440E78122955445004E1E1A /* MenuUITests.xctest */;
			productType = "com.apple.product-type.bundle.ui-testing";
		};
/* End PBXNativeTarget section */

/* Begin PBXProject section */
		5440E75A22955444004E1E1A /* Project object */ = {
			isa = PBXProject;
			attributes = {
				LastSwiftUpdateCheck = 1020;
				LastUpgradeCheck = 1020;
				ORGANIZATIONNAME = "Michal Madera";
				TargetAttributes = {
					5440E76122955444004E1E1A = {
						CreatedOnToolsVersion = 10.2.1;
					};
					5440E77522955445004E1E1A = {
						CreatedOnToolsVersion = 10.2.1;
						TestTargetID = 5440E76122955444004E1E1A;
					};
					5440E78022955445004E1E1A = {
						CreatedOnToolsVersion = 10.2.1;
						TestTargetID = 5440E76122955444004E1E1A;
					};
				};
			};
			buildConfigurationList = 5440E75D22955444004E1E1A /* Build configuration list for PBXProject "Menu" */;
			compatibilityVersion = "Xcode 9.3";
			developmentRegion = en;
			hasScannedForEncodings = 0;
			knownRegions = (
				en,
				Base,
			);
			mainGroup = 5440E75922955444004E1E1A;
			productRefGroup = 5440E76322955444004E1E1A /* Products */;
			projectDirPath = "";
			projectRoot = "";
			targets = (
				5440E76122955444004E1E1A /* Menu */,
				5440E77522955445004E1E1A /* MenuTests */,
				5440E78022955445004E1E1A /* MenuUITests */,
			);
		};
/* End PBXProject section */

/* Begin PBXResourcesBuildPhase section */
		5440E76022955444004E1E1A /* Resources */ = {
			isa = PBXResourcesBuildPhase;
			buildActionMask = 2147483647;
			files = (
				5440E77022955445004E1E1A /* LaunchScreen.storyboard in Resources */,
				5440E76D22955445004E1E1A /* Assets.xcassets in Resources */,
				5440E76B22955444004E1E1A /* Main.storyboard in Resources */,
			);
			runOnlyForDeploymentPostprocessing = 0;
		};
		5440E77422955445004E1E1A /* Resources */ = {
			isa = PBXResourcesBuildPhase;
			buildActionMask = 2147483647;
			files = (
			);
			runOnlyForDeploymentPostprocessing = 0;
		};
		5440E77F22955445004E1E1A /* Resources */ = {
			isa = PBXResourcesBuildPhase;
			buildActionMask = 2147483647;
			files = (
			);
			runOnlyForDeploymentPostprocessing = 0;
		};
/* End PBXResourcesBuildPhase section */

/* Begin PBXSourcesBuildPhase section */
		5440E75E22955444004E1E1A /* Sources */ = {
			isa = PBXSourcesBuildPhase;
			buildActionMask = 2147483647;
			files = (
				5440E76622955444004E1E1A /* AppDelegate.swift in Sources */,
				5440E79422955467004E1E1A /* MenuItems.swift in Sources */,
				5440E796229554F9004E1E1A /* TableViewController.swift in Sources */,
			);
			runOnlyForDeploymentPostprocessing = 0;
		};
		5440E77222955445004E1E1A /* Sources */ = {
			isa = PBXSourcesBuildPhase;
			buildActionMask = 2147483647;
			files = (
				5440E77B22955445004E1E1A /* MenuTests.swift in Sources */,
			);
			runOnlyForDeploymentPostprocessing = 0;
		};
		5440E77D22955445004E1E1A /* Sources */ = {
			isa = PBXSourcesBuildPhase;
			buildActionMask = 2147483647;
			files = (
				5440E78622955445004E1E1A /* MenuUITests.swift in Sources */,
			);
			runOnlyForDeploymentPostprocessing = 0;
		};
/* End PBXSourcesBuildPhase section */

/* Begin PBXTargetDependency section */
		5440E77822955445004E1E1A /* PBXTargetDependency */ = {
			isa = PBXTargetDependency;
			target = 5440E76122955444004E1E1A /* Menu */;
			targetProxy = 5440E77722955445004E1E1A /* PBXContainerItemProxy */;
		};
		5440E78322955445004E1E1A /* PBXTargetDependency */ = {
			isa = PBXTargetDependency;
			target = 5440E76122955444004E1E1A /* Menu */;
			targetProxy = 5440E78222955445004E1E1A /* PBXContainerItemProxy */;
		};
/* End PBXTargetDependency section */

/* Begin PBXVariantGroup section */
		5440E76922955444004E1E1A /* Main.storyboard */ = {
			isa = PBXVariantGroup;
			children = (
				5440E76A22955444004E1E1A /* Base */,
			);
			name = Main.storyboard;
			sourceTree = "<group>";
		};
		5440E76E22955445004E1E1A /* LaunchScreen.storyboard */ = {
			isa = PBXVariantGroup;
			children = (
				5440E76F22955445004E1E1A /* Base */,
			);
			name = LaunchScreen.storyboard;
			sourceTree = "<group>";
		};
/* End PBXVariantGroup section */

/* Begin XCBuildConfiguration section */
		5440E78822955445004E1E1A /* Debug */ = {
			isa = XCBuildConfiguration;
			buildSettings = {
				ALWAYS_SEARCH_USER_PATHS = NO;
				CLANG_ANALYZER_NONNULL = YES;
				CLANG_ANALYZER_NUMBER_OBJECT_CONVERSION = YES_AGGRESSIVE;
				CLANG_CXX_LANGUAGE_STANDARD = "gnu++14";
				CLANG_CXX_LIBRARY = "libc++";
				CLANG_ENABLE_MODULES = YES;
				CLANG_ENABLE_OBJC_ARC = YES;
				CLANG_ENABLE_OBJC_WEAK = YES;
				CLANG_WARN_BLOCK_CAPTURE_AUTORELEASING = YES;
				CLANG_WARN_BOOL_CONVERSION = YES;
				CLANG_WARN_COMMA = YES;
				CLANG_WARN_CONSTANT_CONVERSION = YES;
				CLANG_WARN_DEPRECATED_OBJC_IMPLEMENTATIONS = YES;
				CLANG_WARN_DIRECT_OBJC_ISA_USAGE = YES_ERROR;
				CLANG_WARN_DOCUMENTATION_COMMENTS = YES;
				CLANG_WARN_EMPTY_BODY = YES;
				CLANG_WARN_ENUM_CONVERSION = YES;
				CLANG_WARN_INFINITE_RECURSION = YES;
				CLANG_WARN_INT_CONVERSION = YES;
				CLANG_WARN_NON_LITERAL_NULL_CONVERSION = YES;
				CLANG_WARN_OBJC_IMPLICIT_RETAIN_SELF = YES;
				CLANG_WARN_OBJC_LITERAL_CONVERSION = YES;
				CLANG_WARN_OBJC_ROOT_CLASS = YES_ERROR;
				CLANG_WARN_RANGE_LOOP_ANALYSIS = YES;
				CLANG_WARN_STRICT_PROTOTYPES = YES;
				CLANG_WARN_SUSPICIOUS_MOVE = YES;
				CLANG_WARN_UNGUARDED_AVAILABILITY = YES_AGGRESSIVE;
				CLANG_WARN_UNREACHABLE_CODE = YES;
				CLANG_WARN__DUPLICATE_METHOD_MATCH = YES;
				CODE_SIGN_IDENTITY = "iPhone Developer";
				COPY_PHASE_STRIP = NO;
				DEBUG_INFORMATION_FORMAT = dwarf;
				ENABLE_STRICT_OBJC_MSGSEND = YES;
				ENABLE_TESTABILITY = YES;
				GCC_C_LANGUAGE_STANDARD = gnu11;
				GCC_DYNAMIC_NO_PIC = NO;
				GCC_NO_COMMON_BLOCKS = YES;
				GCC_OPTIMIZATION_LEVEL = 0;
				GCC_PREPROCESSOR_DEFINITIONS = (
					"DEBUG=1",
					"$(inherited)",
				);
				GCC_WARN_64_TO_32_BIT_CONVERSION = YES;
				GCC_WARN_ABOUT_RETURN_TYPE = YES_ERROR;
				GCC_WARN_UNDECLARED_SELECTOR = YES;
				GCC_WARN_UNINITIALIZED_AUTOS = YES_AGGRESSIVE;
				GCC_WARN_UNUSED_FUNCTION = YES;
				GCC_WARN_UNUSED_VARIABLE = YES;
				IPHONEOS_DEPLOYMENT_TARGET = 12.2;
				MTL_ENABLE_DEBUG_INFO = INCLUDE_SOURCE;
				MTL_FAST_MATH = YES;
				ONLY_ACTIVE_ARCH = YES;
				SDKROOT = iphoneos;
				SWIFT_ACTIVE_COMPILATION_CONDITIONS = DEBUG;
				SWIFT_OPTIMIZATION_LEVEL = "-Onone";
			};
			name = Debug;
		};
		5440E78922955445004E1E1A /* Release */ = {
			isa = XCBuildConfiguration;
			buildSettings = {
				ALWAYS_SEARCH_USER_PATHS = NO;
				CLANG_ANALYZER_NONNULL = YES;
				CLANG_ANALYZER_NUMBER_OBJECT_CONVERSION = YES_AGGRESSIVE;
				CLANG_CXX_LANGUAGE_STANDARD = "gnu++14";
				CLANG_CXX_LIBRARY = "libc++";
				CLANG_ENABLE_MODULES = YES;
				CLANG_ENABLE_OBJC_ARC = YES;
				CLANG_ENABLE_OBJC_WEAK = YES;
				CLANG_WARN_BLOCK_CAPTURE_AUTORELEASING = YES;
				CLANG_WARN_BOOL_CONVERSION = YES;
				CLANG_WARN_COMMA = YES;
				CLANG_WARN_CONSTANT_CONVERSION = YES;
				CLANG_WARN_DEPRECATED_OBJC_IMPLEMENTATIONS = YES;
				CLANG_WARN_DIRECT_OBJC_ISA_USAGE = YES_ERROR;
				CLANG_WARN_DOCUMENTATION_COMMENTS = YES;
				CLANG_WARN_EMPTY_BODY = YES;
				CLANG_WARN_ENUM_CONVERSION = YES;
				CLANG_WARN_INFINITE_RECURSION = YES;
				CLANG_WARN_INT_CONVERSION = YES;
				CLANG_WARN_NON_LITERAL_NULL_CONVERSION = YES;
				CLANG_WARN_OBJC_IMPLICIT_RETAIN_SELF = YES;
				CLANG_WARN_OBJC_LITERAL_CONVERSION = YES;
				CLANG_WARN_OBJC_ROOT_CLASS = YES_ERROR;
				CLANG_WARN_RANGE_LOOP_ANALYSIS = YES;
				CLANG_WARN_STRICT_PROTOTYPES = YES;
				CLANG_WARN_SUSPICIOUS_MOVE = YES;
				CLANG_WARN_UNGUARDED_AVAILABILITY = YES_AGGRESSIVE;
				CLANG_WARN_UNREACHABLE_CODE = YES;
				CLANG_WARN__DUPLICATE_METHOD_MATCH = YES;
				CODE_SIGN_IDENTITY = "iPhone Developer";
				COPY_PHASE_STRIP = NO;
				DEBUG_INFORMATION_FORMAT = "dwarf-with-dsym";
				ENABLE_NS_ASSERTIONS = NO;
				ENABLE_STRICT_OBJC_MSGSEND = YES;
				GCC_C_LANGUAGE_STANDARD = gnu11;
				GCC_NO_COMMON_BLOCKS = YES;
				GCC_WARN_64_TO_32_BIT_CONVERSION = YES;
				GCC_WARN_ABOUT_RETURN_TYPE = YES_ERROR;
				GCC_WARN_UNDECLARED_SELECTOR = YES;
				GCC_WARN_UNINITIALIZED_AUTOS = YES_AGGRESSIVE;
				GCC_WARN_UNUSED_FUNCTION = YES;
				GCC_WARN_UNUSED_VARIABLE = YES;
				IPHONEOS_DEPLOYMENT_TARGET = 12.2;
				MTL_ENABLE_DEBUG_INFO = NO;
				MTL_FAST_MATH = YES;
				SDKROOT = iphoneos;
				SWIFT_COMPILATION_MODE = wholemodule;
				SWIFT_OPTIMIZATION_LEVEL = "-O";
				VALIDATE_PRODUCT = YES;
			};
			name = Release;
		};
		5440E78B22955445004E1E1A /* Debug */ = {
			isa = XCBuildConfiguration;
			buildSettings = {
				ASSETCATALOG_COMPILER_APPICON_NAME = AppIcon;
				CODE_SIGN_STYLE = Automatic;
				INFOPLIST_FILE = Menu/Info.plist;
				LD_RUNPATH_SEARCH_PATHS = (
					"$(inherited)",
					"@executable_path/Frameworks",
				);
				PRODUCT_BUNDLE_IDENTIFIER = maderamichal.Menu;
				PRODUCT_NAME = "$(TARGET_NAME)";
				SWIFT_VERSION = 5.0;
				TARGETED_DEVICE_FAMILY = "1,2";
			};
			name = Debug;
		};
		5440E78C22955445004E1E1A /* Release */ = {
			isa = XCBuildConfiguration;
			buildSettings = {
				ASSETCATALOG_COMPILER_APPICON_NAME = AppIcon;
				CODE_SIGN_STYLE = Automatic;
				INFOPLIST_FILE = Menu/Info.plist;
				LD_RUNPATH_SEARCH_PATHS = (
					"$(inherited)",
					"@executable_path/Frameworks",
				);
				PRODUCT_BUNDLE_IDENTIFIER = maderamichal.Menu;
				PRODUCT_NAME = "$(TARGET_NAME)";
				SWIFT_VERSION = 5.0;
				TARGETED_DEVICE_FAMILY = "1,2";
			};
			name = Release;
		};
		5440E78E22955445004E1E1A /* Debug */ = {
			isa = XCBuildConfiguration;
			buildSettings = {
				ALWAYS_EMBED_SWIFT_STANDARD_LIBRARIES = YES;
				BUNDLE_LOADER = "$(TEST_HOST)";
				CODE_SIGN_STYLE = Automatic;
				INFOPLIST_FILE = MenuTests/Info.plist;
				LD_RUNPATH_SEARCH_PATHS = (
					"$(inherited)",
					"@executable_path/Frameworks",
					"@loader_path/Frameworks",
				);
				PRODUCT_BUNDLE_IDENTIFIER = maderamichal.MenuTests;
				PRODUCT_NAME = "$(TARGET_NAME)";
				SWIFT_VERSION = 5.0;
				TARGETED_DEVICE_FAMILY = "1,2";
				TEST_HOST = "$(BUILT_PRODUCTS_DIR)/Menu.app/Menu";
			};
			name = Debug;
		};
		5440E78F22955445004E1E1A /* Release */ = {
			isa = XCBuildConfiguration;
			buildSettings = {
				ALWAYS_EMBED_SWIFT_STANDARD_LIBRARIES = YES;
				BUNDLE_LOADER = "$(TEST_HOST)";
				CODE_SIGN_STYLE = Automatic;
				INFOPLIST_FILE = MenuTests/Info.plist;
				LD_RUNPATH_SEARCH_PATHS = (
					"$(inherited)",
					"@executable_path/Frameworks",
					"@loader_path/Frameworks",
				);
				PRODUCT_BUNDLE_IDENTIFIER = maderamichal.MenuTests;
				PRODUCT_NAME = "$(TARGET_NAME)";
				SWIFT_VERSION = 5.0;
				TARGETED_DEVICE_FAMILY = "1,2";
				TEST_HOST = "$(BUILT_PRODUCTS_DIR)/Menu.app/Menu";
			};
			name = Release;
		};
		5440E79122955445004E1E1A /* Debug */ = {
			isa = XCBuildConfiguration;
			buildSettings = {
				ALWAYS_EMBED_SWIFT_STANDARD_LIBRARIES = YES;
				CODE_SIGN_STYLE = Automatic;
				INFOPLIST_FILE = MenuUITests/Info.plist;
				LD_RUNPATH_SEARCH_PATHS = (
					"$(inherited)",
					"@executable_path/Frameworks",
					"@loader_path/Frameworks",
				);
				PRODUCT_BUNDLE_IDENTIFIER = maderamichal.MenuUITests;
				PRODUCT_NAME = "$(TARGET_NAME)";
				SWIFT_VERSION = 5.0;
				TARGETED_DEVICE_FAMILY = "1,2";
				TEST_TARGET_NAME = Menu;
			};
			name = Debug;
		};
		5440E79222955445004E1E1A /* Release */ = {
			isa = XCBuildConfiguration;
			buildSettings = {
				ALWAYS_EMBED_SWIFT_STANDARD_LIBRARIES = YES;
				CODE_SIGN_STYLE = Automatic;
				INFOPLIST_FILE = MenuUITests/Info.plist;
				LD_RUNPATH_SEARCH_PATHS = (
					"$(inherited)",
					"@executable_path/Frameworks",
					"@loader_path/Frameworks",
				);
				PRODUCT_BUNDLE_IDENTIFIER = maderamichal.MenuUITests;
				PRODUCT_NAME = "$(TARGET_NAME)";
				SWIFT_VERSION = 5.0;
				TARGETED_DEVICE_FAMILY = "1,2";
				TEST_TARGET_NAME = Menu;
			};
			name = Release;
		};
/* End XCBuildConfiguration section */

/* Begin XCConfigurationList section */
		5440E75D22955444004E1E1A /* Build configuration list for PBXProject "Menu" */ = {
			isa = XCConfigurationList;
			buildConfigurations = (
				5440E78822955445004E1E1A /* Debug */,
				5440E78922955445004E1E1A /* Release */,
			);
			defaultConfigurationIsVisible = 0;
			defaultConfigurationName = Release;
		};
		5440E78A22955445004E1E1A /* Build configuration list for PBXNativeTarget "Menu" */ = {
			isa = XCConfigurationList;
			buildConfigurations = (
				5440E78B22955445004E1E1A /* Debug */,
				5440E78C22955445004E1E1A /* Release */,
			);
			defaultConfigurationIsVisible = 0;
			defaultConfigurationName = Release;
		};
		5440E78D22955445004E1E1A /* Build configuration list for PBXNativeTarget "MenuTests" */ = {
			isa = XCConfigurationList;
			buildConfigurations = (
				5440E78E22955445004E1E1A /* Debug */,
				5440E78F22955445004E1E1A /* Release */,
			);
			defaultConfigurationIsVisible = 0;
			defaultConfigurationName = Release;
		};
		5440E79022955445004E1E1A /* Build configuration list for PBXNativeTarget "MenuUITests" */ = {
			isa = XCConfigurationList;
			buildConfigurations = (
				5440E79122955445004E1E1A /* Debug */,
				5440E79222955445004E1E1A /* Release */,
			);
			defaultConfigurationIsVisible = 0;
			defaultConfigurationName = Release;
		};
/* End XCConfigurationList section */
	};
	rootObject = 5440E75A22955444004E1E1A /* Project object */;
}
